# Copyright (c) Meta Platforms, Inc. and affiliates.
# Licensed under the Apache License, Version 2.0.
#
# Hash-pinned Python dependencies installed from PyPI. cryptography, dbus and
# gi come from the distribution. Regenerate with:
#   uv pip compile --universal --python-version 3.9 --generate-hashes --no-header - <<<"websockets>=13" -o src/musegadget/data/requirements.lock
websockets==15.0.1 ; python_full_version < '3.10' \
    --hash=sha256:0701bc3cfcb9164d04a14b149fd74be7347a530ad3bbf15ab2c678a2cd3dd9a2 \
    --hash=sha256:0a34631031a8f05657e8e90903e656959234f3a04552259458aac0b0f9ae6fd9 \
    --hash=sha256:0af68c55afbd5f07986df82831c7bff04846928ea8d1fd7f30052638788bc9b5 \
    --hash=sha256:0c9e74d766f2818bb95f84c25be4dea09841ac0f734d1966f415e4edfc4ef1c3 \
    --hash=sha256:0f3c1e2ab208db911594ae5b4f79addeb3501604a165019dd221c0bdcabe4db8 \
    --hash=sha256:0fdfe3e2a29e4db3659dbd5bbf04560cea53dd9610273917799f1cde46aa725e \
    --hash=sha256:1009ee0c7739c08a0cd59de430d6de452a55e42d6b522de7aa15e6f67db0b8e1 \
    --hash=sha256:1234d4ef35db82f5446dca8e35a7da7964d02c127b095e172e54397fb6a6c256 \
    --hash=sha256:16b6c1b3e57799b9d38427dda63edcbe4926352c47cf88588c0be4ace18dac85 \
    --hash=sha256:2034693ad3097d5355bfdacfffcbd3ef5694f9718ab7f29c29689a9eae841880 \
    --hash=sha256:21c1fa28a6a7e3cbdc171c694398b6df4744613ce9b36b1a498e816787e28123 \
    --hash=sha256:229cf1d3ca6c1804400b0a9790dc66528e08a6a1feec0d5040e8b9eb14422375 \
    --hash=sha256:27ccee0071a0e75d22cb35849b1db43f2ecd3e161041ac1ee9d2352ddf72f065 \
    --hash=sha256:363c6f671b761efcb30608d24925a382497c12c506b51661883c3e22337265ed \
    --hash=sha256:39c1fec2c11dc8d89bba6b2bf1556af381611a173ac2b511cf7231622058af41 \
    --hash=sha256:3b1ac0d3e594bf121308112697cf4b32be538fb1444468fb0a6ae4feebc83411 \
    --hash=sha256:3be571a8b5afed347da347bfcf27ba12b069d9d7f42cb8c7028b5e98bbb12597 \
    --hash=sha256:3c714d2fc58b5ca3e285461a4cc0c9a66bd0e24c5da9911e30158286c9b5be7f \
    --hash=sha256:3d00075aa65772e7ce9e990cab3ff1de702aa09be3940d1dc88d5abf1ab8a09c \
    --hash=sha256:3e90baa811a5d73f3ca0bcbf32064d663ed81318ab225ee4f427ad4e26e5aff3 \
    --hash=sha256:47819cea040f31d670cc8d324bb6435c6f133b8c7a19ec3d61634e62f8d8f9eb \
    --hash=sha256:47b099e1f4fbc95b701b6e85768e1fcdaf1630f3cbe4765fa216596f12310e2e \
    --hash=sha256:4a9fac8e469d04ce6c25bb2610dc535235bd4aa14996b4e6dbebf5e007eba5ee \
    --hash=sha256:4b826973a4a2ae47ba357e4e82fa44a463b8f168e1ca775ac64521442b19e87f \
    --hash=sha256:4c2529b320eb9e35af0fa3016c187dffb84a3ecc572bcee7c3ce302bfeba52bf \
    --hash=sha256:54479983bd5fb469c38f2f5c7e3a24f9a4e70594cd68cd1fa6b9340dadaff7cf \
    --hash=sha256:558d023b3df0bffe50a04e710bc87742de35060580a293c2a984299ed83bc4e4 \
    --hash=sha256:5756779642579d902eed757b21b0164cd6fe338506a8083eb58af5c372e39d9a \
    --hash=sha256:592f1a9fe869c778694f0aa806ba0374e97648ab57936f092fd9d87f8bc03665 \
    --hash=sha256:595b6c3969023ecf9041b2936ac3827e4623bfa3ccf007575f04c5a6aa318c22 \
    --hash=sha256:5a939de6b7b4e18ca683218320fc67ea886038265fd1ed30173f5ce3f8e85675 \
    --hash=sha256:5d54b09eba2bada6011aea5375542a157637b91029687eb4fdb2dab11059c1b4 \
    --hash=sha256:5df592cd503496351d6dc14f7cdad49f268d8e618f80dce0cd5a36b93c3fc08d \
    --hash=sha256:5f4c04ead5aed67c8a1a20491d54cdfba5884507a48dd798ecaf13c74c4489f5 \
    --hash=sha256:64dee438fed052b52e4f98f76c5790513235efaa1ef7f3f2192c392cd7c91b65 \
    --hash=sha256:66dd88c918e3287efc22409d426c8f729688d89a0c587c88971a0faa2c2f3792 \
    --hash=sha256:678999709e68425ae2593acf2e3ebcbcf2e69885a5ee78f9eb80e6e371f1bf57 \
    --hash=sha256:67f2b6de947f8c757db2db9c71527933ad0019737ec374a8a6be9a956786aaf9 \
    --hash=sha256:693f0192126df6c2327cce3baa7c06f2a117575e32ab2308f7f8216c29d9e2e3 \
    --hash=sha256:746ee8dba912cd6fc889a8147168991d50ed70447bf18bcda7039f7d2e3d9151 \
    --hash=sha256:756c56e867a90fb00177d530dca4b097dd753cde348448a1012ed6c5131f8b7d \
    --hash=sha256:76d1f20b1c7a2fa82367e04982e708723ba0e7b8d43aa643d3dcd404d74f1475 \
    --hash=sha256:7f493881579c90fc262d9cdbaa05a6b54b3811c2f300766748db79f098db9940 \
    --hash=sha256:823c248b690b2fd9303ba00c4f66cd5e2d8c3ba4aa968b2779be9532a4dad431 \
    --hash=sha256:82544de02076bafba038ce055ee6412d68da13ab47f0c60cab827346de828dee \
    --hash=sha256:8dd8327c795b3e3f219760fa603dcae1dcc148172290a8ab15158cf85a953413 \
    --hash=sha256:8fdc51055e6ff4adeb88d58a11042ec9a5eae317a0a53d12c062c8a8865909e8 \
    --hash=sha256:a625e06551975f4b7ea7102bc43895b90742746797e2e14b70ed61c43a90f09b \
    --hash=sha256:abdc0c6c8c648b4805c5eacd131910d2a7f6455dfd3becab248ef108e89ab16a \
    --hash=sha256:ac017dd64572e5c3bd01939121e4d16cf30e5d7e110a119399cf3133b63ad054 \
    --hash=sha256:ac1e5c9054fe23226fb11e05a6e630837f074174c4c2f0fe442996112a6de4fb \
    --hash=sha256:ac60e3b188ec7574cb761b08d50fcedf9d77f1530352db4eef1707fe9dee7205 \
    --hash=sha256:b359ed09954d7c18bbc1680f380c7301f92c60bf924171629c5db97febb12f04 \
    --hash=sha256:b7643a03db5c95c799b89b31c036d5f27eeb4d259c798e878d6937d71832b1e4 \
    --hash=sha256:ba9e56e8ceeeedb2e080147ba85ffcd5cd0711b89576b83784d8605a7df455fa \
    --hash=sha256:c338ffa0520bdb12fbc527265235639fb76e7bc7faafbb93f6ba80d9c06578a9 \
    --hash=sha256:cad21560da69f4ce7658ca2cb83138fb4cf695a2ba3e475e0559e05991aa8122 \
    --hash=sha256:d08eb4c2b7d6c41da6ca0600c077e93f5adcfd979cd777d747e9ee624556da4b \
    --hash=sha256:d50fd1ee42388dcfb2b3676132c78116490976f1300da28eb629272d5d93e905 \
    --hash=sha256:d591f8de75824cbb7acad4e05d2d710484f15f29d4a915092675ad3456f11770 \
    --hash=sha256:d5f6b181bb38171a8ad1d6aa58a67a6aa9d4b38d0f8c5f496b9e42561dfc62fe \
    --hash=sha256:d63efaa0cd96cf0c5fe4d581521d9fa87744540d4bc999ae6e08595a1014b45b \
    --hash=sha256:d99e5546bf73dbad5bf3547174cd6cb8ba7273062a23808ffea025ecb1cf8562 \
    --hash=sha256:e09473f095a819042ecb2ab9465aee615bd9c2028e4ef7d933600a8401c79561 \
    --hash=sha256:e8b56bdcdb4505c8078cb6c7157d9811a85790f2f2b3632c7d1462ab5783d215 \
    --hash=sha256:ee443ef070bb3b6ed74514f5efaa37a252af57c90eb33b956d35c8e9c10a1931 \
    --hash=sha256:f29d80eb9a9263b8d109135351caf568cc3f80b9928bccde535c235de55c22d9 \
    --hash=sha256:f7a866fbc1e97b5c617ee4116daaa09b722101d4a3c170c787450ba409f9736f \
    --hash=sha256:fcd5cf9e305d7b8338754470cf69cf81f420459dbae8a3b40cee57417f4614a7
websockets==16.1.1 ; python_full_version == '3.10.*' \
    --hash=sha256:01fbdcbac298efe19360b94bc0039c8f746f0220ba570f327577bfee81059175 \
    --hash=sha256:024193f8551a2b0eafbdd160911012c4e6c228c28430c84433253299a9e42d6a \
    --hash=sha256:04fd29a0e2fe9414a95b00e92c67ae51bf900c50c0f8a4b2dafdad621f49ea1d \
    --hash=sha256:056ae37939ed7e9974f364f5864e76e49182622d8f9751ac1903c0d09b013985 \
    --hash=sha256:0f62863e8a00a6d33c3d6566ec0b89f23787b747ffe0c3bc71ec0e76b82c94b1 \
    --hash=sha256:0ffd3031ea8bda8d61762e84220186105ba3b748b3c8da2ae4f7816fac03e573 \
    --hash=sha256:1214e673c404684b9bf7154f5cf43b45025b1a6160fac3a9e438e9c1a97e22cb \
    --hash=sha256:125f22dbefaf1554fea66fc83851490edb284ce4f501d37ffed2752f418332d9 \
    --hash=sha256:130937b167a52af203c8d58e78d67705874e82759862e3b9671a452fec4abc87 \
    --hash=sha256:1427fb4cf0d72f66333e2cacc3ff5f575bf2d7008166ce991a4a470b21d51a22 \
    --hash=sha256:195c978b065fa40910582464f99d6b15c8b314c68e0546549a55ed83f4735328 \
    --hash=sha256:1d27fa8462ad6a1cb36206a3d0640b2333340def181fae11ed7f9adeaa5c0747 \
    --hash=sha256:1db4de4a0e95673f7545d393c49eeb0c2f18ac1ef93073218c79d5cdb2ee75ab \
    --hash=sha256:1f79c89b5eb034d1722938a891916582f8f7f503f58ca22518a63c3f2cd18499 \
    --hash=sha256:23253dd5bcae3f9aaee0a1d30967a8dbd52e5d3cff93a2e5b84df57b77d4750d \
    --hash=sha256:249116b4a76063d930a46391ad56e135c286e4562a18309029fc2c73f4ed4c62 \
    --hash=sha256:29dfa8114c4a620c69591c5973860f768eac29d3fd6904f37f34266cb219c512 \
    --hash=sha256:2a606d9c24035242a3e256e9d5b77ed9cd6bccfcb7cf993e5ca3c0f6f68fb6a7 \
    --hash=sha256:2a636ff1e7a5c4edf71ef0e79adae7f25dba93b4fcbe3dc958733477ffeb0eaf \
    --hash=sha256:2bb5d041a8307d2e18782e7ce777f6fdb1e8c2f5d09291484b18c294b789d9aa \
    --hash=sha256:2e28e602bb13da44fbe518c1781a88e3b9d4c3d48d02c9bad83e546164336f57 \
    --hash=sha256:30bbe120437b5648a77d3519b7024ea09530e0b5b18d3698c5a0ae536fe0cc2e \
    --hash=sha256:34420aaa64440ebd51ac72ca8a45ef4626429438c9b02e633ae412ed43f925d3 \
    --hash=sha256:38565aca3e01ea8734e578fb2118dade0ecb0250533f29e22b8d1a7a196cf4d0 \
    --hash=sha256:387e8e4aa5df2f90b198fa3cad3478822a89cf905b6a6d6c97dc3664689640cc \
    --hash=sha256:39f2a024af5c345ffe8fcf1ee18c049c024c94df393bb09b044a6917c77bde43 \
    --hash=sha256:3df13f73af9b3b38ab1195eb299ecb67a4330c911c97ae04043ff74085728abe \
    --hash=sha256:414e596c75f74e0994084694189d7dc9229fb278e33064d6784b73ffbba3ca31 \
    --hash=sha256:41c8e77f17294c0ac18008a7309b99b34ee72247ef10b6dff4c3f8b5ac29896b \
    --hash=sha256:42290eb6db4ccaca7012656738214f8514082fb6fa40cdeb61bb9a471b52e383 \
    --hash=sha256:42f599f4d48c7e1a3338fdaac3acd075be3b3cf02d4b274f3bf2767aedd3d217 \
    --hash=sha256:43e3a9fdd7cbf7ba6040c31fae0faf84ca1474fef777c4e37912f1540f854499 \
    --hash=sha256:443aefe96b7fdb132e2a70806cca1f2af49bb3f28e47abcd7c2e9dcf4d8fa1b8 \
    --hash=sha256:46dcaa042cd1de6c59e7d9269fa63ff7572b6df40510600b678f0826b3c7af51 \
    --hash=sha256:496af849a472b531f758dbd4d61338f5000538cb1a7b3d20d9d32a264517f509 \
    --hash=sha256:49ae99bdfcae803a885c926bf14f886196e84925395bb3f568fef5c0f0979d7d \
    --hash=sha256:4b57693728576d84ede0a77987ab16881b783d2cd9f1dc180a8fbbc3f79c4428 \
    --hash=sha256:4e3b680b1e0a27457e727a0d572fd81dffa87b6dbf8b228ab57da64f7d85aead \
    --hash=sha256:4e8d01cc3bcae7bbf8167f944aeafefed590fae5693552bba9794a9df68371cc \
    --hash=sha256:5283810d2646741a0d8da2aa733d6aefa0545809afccb2a5d105a26bc45125f1 \
    --hash=sha256:53260c8930da5771cec89439bff99c20c8cb03ddb9588b980697355a83cd4bd3 \
    --hash=sha256:536676848fc5961aca9d20389951f59169508f765637a172403dc5434d722fa0 \
    --hash=sha256:54509b8e92fee4453e152b7558ddef37ce9705a044922f2095a6105e3f80c96f \
    --hash=sha256:56cd5fc4f10a9ea8aa0804bddb7b42506cf9e136046f3b4c27de8fec9e2ecba5 \
    --hash=sha256:5bfd1ac19b1b9986a9c95a82d5e23a391ebb09e12c34d7be6094b86efcc35731 \
    --hash=sha256:5c31aa7e39ee3e8a358573257f1c0bb5c52430d1b637030dd9c8cc2c282926be \
    --hash=sha256:5e3b7d601f6f84156b08cc4a5e541c2b50ad7b36cfc302b657a12477c904a5df \
    --hash=sha256:61922544a0587a13fd3f53e4c0e5e606510c7b0d9d22c8444e5fae22a06b38cb \
    --hash=sha256:6456ff333092d509127d75a638cb411afae8ff17f092635015d1902efec8a293 \
    --hash=sha256:69159730a823dde3ea8d08783e8d47ef135a6d7e8d44eb127e32b321c9db8e3e \
    --hash=sha256:69e52d175a0a7d1e13b4b67ad41c560b7d98e8c6f6126eb0bda496c784faf8c7 \
    --hash=sha256:6aaface73b9c71974c6497366d8b9628357f6c9749e09c4ea3610176c63f2ae3 \
    --hash=sha256:6abbd3e82c731c8e531714466acd5d87b5e88ac3243465337ba71d68e23ae7e3 \
    --hash=sha256:6ff9417c0ada4d0f7d212f928303e5579bdf3ace4c802fa4afabb30995da58c3 \
    --hash=sha256:7421fad442de870a8cbf2287d1cad7e706ece0dbfeba5e911df132cbdc1cb56a \
    --hash=sha256:7883388947767080f094950b342b30d35a2a06b849cd967c422fa0db72b40ea9 \
    --hash=sha256:79eace538c6a97e96d0d03d4f9d314f9677f5ed85a8a984992ffd90b13cb8a56 \
    --hash=sha256:7b1b19636af86a3c7995d4d028dbe376f39b4bf31541146f9c123582a6c94562 \
    --hash=sha256:7dfcad78ea1492ee3a9ec765cb7f51bbc17d477107aaf6b22abf7b2558d1c5a0 \
    --hash=sha256:8087e82f842609734c9b5a1330464f8e94e346ba0e18c832c08bafa4b0d63c15 \
    --hash=sha256:820fb8450edddae3812fd58cbc08e2bf22812cb248ecb5f06dbb82119a56e869 \
    --hash=sha256:8483c2096363120eea8b07c06ae7304d520f686665fffd4811fad423930a65d7 \
    --hash=sha256:84a2cef8deffbd9ab8ee0ea546a2a6a7030c28f44e6cdd4547dbfeb489eb8999 \
    --hash=sha256:86d7f0f8bdb25d2c632b72527325e4776430fd5bc61b9118de4e2b8ddb5f5b01 \
    --hash=sha256:8fe0b50da2d84535fb4f7b4bfa951280f97ce3d558a0443b541166d609e67b57 \
    --hash=sha256:90001d893bc368e302ef168d82130b4e4fdd27b85fa094682df9b667c2d48838 \
    --hash=sha256:9246a0d063cfcbcc85f2359dd6876d681213f4790832272aa16641b4ed5d64d4 \
    --hash=sha256:92b820d345f7a3fc7b8163949ee92df910f290c3fc517b3d5301c78065adafe1 \
    --hash=sha256:952303a7318d4cbe1011400839bb2051c9f84fa0a35923267f5daba34b15d458 \
    --hash=sha256:97fd3a0e8b53efa41970ac1dff3d8cf0d2884cadeb4caaf95db7ad1526926ee3 \
    --hash=sha256:9c1c5705e314449e3308872fe084b8571ce078ee4fc55a98a769bdefe5917392 \
    --hash=sha256:9c9f23004a3d40e89c01a7955d186a6cc83418d93b749701944ce2de3e95a1f3 \
    --hash=sha256:9f63bcef7f4b02b06b35fc01c93b96c43b5e88e1e8868676caacf493d5a31f3a \
    --hash=sha256:a0eadbbf2c30f01efa58e1f110eb6fa293261f6b0b1aa38f7f48707107690af9 \
    --hash=sha256:a28fcbc9b6baf54a2e23f8655f308e4ccc6afdd7266f8fe7954f320dcda0f785 \
    --hash=sha256:a6a61aff018180c9c50b7b0da33bfd29d378af3497429c95006c589a23a11648 \
    --hash=sha256:aabe464bfd13bd25f4821faf111da6fefdc389f870265a53105580e45b0a2e49 \
    --hash=sha256:ab59169ace05dcb49a1d4118f0bde139557adf45091bd85747e36bf5de984dd1 \
    --hash=sha256:b436f6ec4fc3a6b4237c84d3f83170ed2b40bb584222f0ac47a0c8a5921980c7 \
    --hash=sha256:b6b9dadbef0cccd9f4c4ee96b08898afa73e26803bbe0f6aeb5bb12b0074206d \
    --hash=sha256:b852788aa51764e2d8e4cf5493d559326bcae5e38d16ba25ffa322b034df272a \
    --hash=sha256:bae954c382e013d5ea5b190d2830526bfa45ad121c326da0049b8c769f185db6 \
    --hash=sha256:bcce07e23e5769375158f5efdcdafa8d5cd014b93c6683865b840ed65b96f231 \
    --hash=sha256:cc97814dfb786a83b6e2dc2e79351e1b83e6d715647d6887fcabd83026417a00 \
    --hash=sha256:cd2ca96a082a36964aca83e992f72abeb61b7306c1a6cba4c7d06a7b93750cac \
    --hash=sha256:cfb70b4eb56cac4da0a83588f3ad50d46beb0690391082f3d4e2d488c70b68ea \
    --hash=sha256:d0fcf657e9f13ff4b177960ab2200237b12994232dfb6df16f1cfe1d4339f93c \
    --hash=sha256:d14bfb217eb4701e850f1525c9d29d79c44794cdf1c299ead25f39f8c78dea81 \
    --hash=sha256:d57685547e0060cc6fd90ee6a28405d6bd395e525545f13c8d7cd99c78afd79f \
    --hash=sha256:d6bec75c290fe484a8ba4cacdf838501e17c06ecfbbf31eede81a9e431bd7751 \
    --hash=sha256:d9531d9cbeac99af6f038fb1bc351403531f7d634a2c2e10e2f7c854c6ed5b68 \
    --hash=sha256:da4ca1a9d72f9030b3146b8d7022719a9f3d478f61efe6f7dd51d243f61c51b2 \
    --hash=sha256:dab9eb87869da2d6ed3af3f3adf28414baae6ec9d4df355ffc18889132f3436c \
    --hash=sha256:db234eda965dcce15df96bb9709f587cd87d4d52aaf0e80e2f34ec04c7670c57 \
    --hash=sha256:dc0fad4933f427acd5b1cec210f3ea6dce7089e1724e4b9ec6ef47c6c04d1b3b \
    --hash=sha256:dc385593a42e31cd6fb60c19f0ecb015b386603818fc2c6c274fb42bd2bb4165 \
    --hash=sha256:dcc04fedf83effaeb9cce98abc9469bb1b42ef85f03e01c8c1f4438ef7555737 \
    --hash=sha256:e047dc87ef7ca50f4d309bf775ad4a71711c58556d75d7bd0604b2317f43e94b \
    --hash=sha256:e09f753a169951eb4f28c2c774f71069304f66e7277e0f5a2892423599cfa854 \
    --hash=sha256:ed5bb271084b46530ee2ddc0410537a9961152c5ccba2fc98c5276d992ccba87 \
    --hash=sha256:f0aa4aad3b1b69ad3fd85a0fd0952ec64331c762bd77ec51cc814170873890b2 \
    --hash=sha256:f17dbe07eb3ea7f99e4df9b7e0efefe80fbf30d37a8cc4d561a0aed310bc8847 \
    --hash=sha256:f2769a0344a09e9ccf5b3cce538bc75a51b53eff3275d3896310c8552049195d \
    --hash=sha256:f55f0b01956a094c8587146d9558c91937e78789c333860ffaf35931a6e5dbc4 \
    --hash=sha256:f5d497865f05bb222cab7016c6034542e84e5f29f49c6fd3f4939cda7197b5b8 \
    --hash=sha256:f70541f3104339f59f830522d94ebadb1bf47426287381623443d8bb1cdbf33d \
    --hash=sha256:fb9a0a6dc3d1b3986cb88091b6899f0396651e0f74e2c9766ab8d6ffc3842e29 \
    --hash=sha256:fce6c48559c86d1ac3632ccb1bebc7d5442fbe79bd9bb0e40379ee54be2a4051 \
    --hash=sha256:fd46fff7eb62c24804d234f0051c7a8ea81285ad63e0337d3dcf33ca82aee58a
websockets==17.1 ; python_full_version >= '3.11' \
    --hash=sha256:0014eaff8ad5b3b43feda2279f9d34bf2eaae040720b9fbbb55944b10f40b14d \
    --hash=sha256:00679b7468b4c2b12b0757118174e8eabac56bb2f579a928a104d9554a56e098 \
    --hash=sha256:00bf34b64501e3477e81fc281532ff3cbf4da26633c10b63979d5085d46602d3 \
    --hash=sha256:01dcb47deebc40b38fd4a493b9b9f4d0a704b7bec6f35e4d34085b329abce71a \
    --hash=sha256:020e271205f8ab3406d7a59cd00de6dec722315924411c421bd00642f18bad86 \
    --hash=sha256:0340bbef6bfbe16da888b3983d666a4db4954ac3253c38f13bc7aba0c7db5a2f \
    --hash=sha256:054c28db2dcec0e857e3b705d8c28012613e555b38c765d6a4f75340a4fc06a0 \
    --hash=sha256:073c5c3f7e127041fa9d34a9e29ceefee8c3cafbd267ed2927318f425144380d \
    --hash=sha256:07fa3e7c30e2c577928d359b56bf872a3e0cbcc15553eaa0907c1ee86344b56f \
    --hash=sha256:0c84bdef916556cbe1d5a43b423398be4dd3cba6522b463e53d848578b920695 \
    --hash=sha256:0c863507ada5805517ca6dff1c524dcd42942efe6304dacf06700878398d21a6 \
    --hash=sha256:0c9982938980e086da59f70d05f9418cd143401a601a0faac10fa48f7bb1cd3e \
    --hash=sha256:0de501b7f2db11e83739ac20e2d33d46da4604b829f506c24be80e7def069391 \
    --hash=sha256:0f4f50dfe2cc810fc4e2de979b35e83bf8bb4bccdc6fe472d93762ea7b1d5927 \
    --hash=sha256:1036189bd34b0bc1b10a4679321e2c7968af317efe6e8e4c1c5141c4254fb5bb \
    --hash=sha256:10ecb38ffc05e1841b619d99c725307a223ef9ad58e7b1ed33311d472dc43918 \
    --hash=sha256:12c8e2b25df59755954a04dfa09c990b96691025aaf7eafd19ed6da24b09c18d \
    --hash=sha256:12fe8984a32dbfd084e0603f1a8d740c0180cb85b3174585c54a80d2455a8394 \
    --hash=sha256:17aa424ab61620aad21b36b2240efc87b500cc496e7d0e999a5c2ae99395e886 \
    --hash=sha256:1a20136d61f9ca3a31493732762661fafc2c20e8861930214e21afc6a8a692a2 \
    --hash=sha256:1a5cf4e7bbe3ca499e6a289206cb4fcb7444b09919e129bd517f57d5fa192c13 \
    --hash=sha256:1c7ac77401227212dc6e849182feee50d57cf456ec6329ffd6979c94bb136c5c \
    --hash=sha256:1fce0f43e0d41422e0b2cad6561e1970df22f212f4c7e884967df7cf591b031c \
    --hash=sha256:259f45358c76d3b18489e3e80636cdbe807e05ecf1b10fdf1a779106d23d0c8e \
    --hash=sha256:2786cbd273ab69c22612db8a41229ddf2c158060b17b5928884bf388d07887f3 \
    --hash=sha256:29176d8b429cfa0fa443c473878d37a5c06cfd0cb36b71ba4314accc71e05906 \
    --hash=sha256:2a0162a6372110a5601cb5c9fd826635cedf69f3e110c545dd19774e040b970e \
    --hash=sha256:2a4dc6ef83f4559e0d05f313a375cb38f63c986096a9da99fe94fdd779d313e5 \
    --hash=sha256:2afb58c7ba48b329d56769f8dfd89f394efe587b65ef806bae810a484d6d3608 \
    --hash=sha256:2cce251f3e2469b99b6802b55435bcdd07123b41870f54c87b336183af9d7e68 \
    --hash=sha256:2d72879819f5145a342d0030c418702496c65a4b913ef81f5ae944dd91dd50f6 \
    --hash=sha256:32a2a68d989d6e5b74a9d5095415c51189ebae29fceb7cf2b64a1c0318a81256 \
    --hash=sha256:33e45c7ea38428e740a7f233555d71df0b875cef7fc080acebc9654475e35335 \
    --hash=sha256:34879e19bb0a3c44f9317679435aea5327fac993933a704cbf353bf1234b10c7 \
    --hash=sha256:3546ef55b3a074494106508bc6505c73825970d2d9505f7bf53882b3e88b0d1e \
    --hash=sha256:3709a1ab30b4b922027d22f68d2b61a0656a91680ac894a537624e6be7dd7f7c \
    --hash=sha256:4031152769179ab8dcdeafc7b0e58052a49117560a28671700b47b2c7b717aad \
    --hash=sha256:406b8107943a43ef4649b1e0cb0cdc052bbf08fe1c8905a623c4af9586e5cebb \
    --hash=sha256:416b4bc8789a1865a3ff643ec4ee073a5f52402d0dbeafd27b1798d5dd6b6a51 \
    --hash=sha256:43bd0c1ceb924d67f5c1a5254d8361dd9d94246e6331a726064dfa2917880780 \
    --hash=sha256:455ffeea0879d313205df1e745e5883e1feb7f31ecd26be882f5f0babd3db04f \
    --hash=sha256:469355ab1af100b9380f1afb09985019f4a4b94fa1dd0e9396db4361626d7ab8 \
    --hash=sha256:46c0331c9eaaf73a559f3a9e388466be0df96eb83d40f06f1ca6ab6613b35c82 \
    --hash=sha256:46e7a10bf04318c7b0c0273791925ae5e1cbe4a11e34aa934d2ef27862058a80 \
    --hash=sha256:47a62d6045c6eaa0d8f97bc2fb68b8cf90077a0cbfd4e83d6f2d2145611ee134 \
    --hash=sha256:4af784f3e436f65b355c117c6497320f2b5cf6a559295cb1c4c7338e335d45cc \
    --hash=sha256:4e8ffcb486c8490a34a4cef5e4409d8da5a1cb1681e5bf7d786ce5e84aa8540d \
    --hash=sha256:50903d335bfda026c2fa11dd9aed09d8cbee0c451e3a85122a9acb041b7dc69b \
    --hash=sha256:57b39dc8541cf7ed3f639da82bf7451060483967f9e733da1f8173e4095f0642 \
    --hash=sha256:581fa678ef46f4277cc8491312468e582f8ad609dbab907ba6096a08c6a0ff98 \
    --hash=sha256:5a74531ce81af587f906ab42f194032388fcff8fc7938402e5917c9147a39441 \
    --hash=sha256:5aefe78e6a3077fe22b5e64b04666a85a3eb8b934d40e8595a693adcbceb6f11 \
    --hash=sha256:5c27336b1a0ac56569493e858497870347854372395f50483725f8cdacc5a45c \
    --hash=sha256:5d4724255fb8398acd9e583b97eb2279cec20e0bd0f9a94bf75f6056ef9f13da \
    --hash=sha256:5f051f8030a51815dc00e24bd2e5f1435af095c1cc111d747ac6e2a3620d7641 \
    --hash=sha256:615746b12b26a3fd4077bc6fbeb277a1c192a45dd57b531d07ad9ed5c52a9a7a \
    --hash=sha256:617243e19a0992095956f406ee9cd3bc4ba92862d83cb1d83bb59ce574412bec \
    --hash=sha256:655a8e28010f09fd6fa317e857afab3af7647f33e41dee88fa421e92086d1090 \
    --hash=sha256:65be6bda2b537fefa4b3a5ccd6ab386533ce39dd8fe62433ec90901fdc81752d \
    --hash=sha256:67258b00302a5aaf0b267771c7014b13429abd7ea17eebc4c55bd935ff101555 \
    --hash=sha256:677014a073bcb1fbaa7e21144786864f16c08f856d66834f611eceb9006cbab8 \
    --hash=sha256:6a8e768a048c2220697477ce2e67e4345dc9f693d0ee6af53945b5e30227c6a7 \
    --hash=sha256:6da17fc94bd270f5987b10bee113461ac36a36a98b0481ddcc98056e5a90001a \
    --hash=sha256:6de9acef07e3a78e9567fcd26c29011a4da8f050b13004bbf880a0fd82a6eea5 \
    --hash=sha256:6e63c01803be425ff062b7f7fc201a74def1d49fc94a2410dd17375df75936e9 \
    --hash=sha256:6f42912fa9eb4cb7c7ec9fde9b3332ba339eb8a8811981043d4029599f3d950b \
    --hash=sha256:722ec21717eec6477bce582147a28acdfe034e604239466a6a95daedb863e774 \
    --hash=sha256:764cf7bfa149365f32b7a0fd9fed32debdac29dd06295d5635cde1745b446cd8 \
    --hash=sha256:76dd004f59115087c7b700474cb18f01325e37250032e19396c08ae41448e4b3 \
    --hash=sha256:77b37cceca17291897c3c73bd30a7c7c7909593554b5da574ec852af83c1742a \
    --hash=sha256:7a72efa3bf4fa3a6669a54420a472ad056da3973d827f10e3a536da463f926c2 \
    --hash=sha256:7e724f843fa6a0614aece65a7c73e51d0f4412ca41dccac13c3caf98e69536bb \
    --hash=sha256:8196d217eeca52b9235ee1f8a684a09885a5f953d5a31e80ef915bf2c5c94f9d \
    --hash=sha256:829dba1bc049779de9b332088c1a6a9858e96bd67e50b6b644a95e02b67836bc \
    --hash=sha256:84f25e099fdfe3b09f953d84698f729a1f7d1e99101b2787d7a28ed77b323750 \
    --hash=sha256:87f0d5e77548b0c40c8464cdb6108792e7e53f487c6400028a4ec28a8afbe5ab \
    --hash=sha256:880069d21cc33a558dcf180924a546d1ecf8ada5be3e4e70acee87019d706a24 \
    --hash=sha256:882af300d2c6a092b93767d5de03c7bb56dfb06314140c8e872d3f48e09f7b74 \
    --hash=sha256:88381602e379165b66244b2ebc29f9b23ea0851fbe63ae157f91ca324f072d6f \
    --hash=sha256:88b882764ef65147a7a5ae13168dedbe225a04e2ff4858fe543f2c402f093e9c \
    --hash=sha256:88bc5138e53903a85c354e59df7ba73ce306f7b09724cef74dba121e60a88ce2 \
    --hash=sha256:8d1b108bd8f5f6a8b90801f6db3b3858d5deca889acfdb8ac497bbb24e4b0edf \
    --hash=sha256:8f6c38cdcaf98a911d7acc25577f2f9e710f3a2fc2bde1563556784320196b51 \
    --hash=sha256:8fbf28e639544503b7d1c96452a5e5e043e4108d89b1f3fa02910603622d19db \
    --hash=sha256:96abdecbaae746851b87c3a36cb4a661df93ca3d92f114270f79228bf1d00de6 \
    --hash=sha256:98a5b2589a56a4b4f098b0a958099a4356ab904a7844f1da3841efca469af7e9 \
    --hash=sha256:9ae55d24241fc055f22aea3ac924559069848bd0ad4ea065fdd72d2194685fe8 \
    --hash=sha256:9f4a08ff7cb68c27b18e09223cc6304e01d0f82d5a240d251266dfd2e6e44729 \
    --hash=sha256:9f4c0377a83e163a303514fdfab501dbe379bdc13e5b9312a91d112658b29dce \
    --hash=sha256:9fa1ffa08c81a4f809cdab6129f8e55bee4650b9d6d3461019dda73aacd146b6 \
    --hash=sha256:a06f3b5085176763182449559e20391d7ce616a8972a9f7a33deda87ea6d4f3c \
    --hash=sha256:a62d8c424383c9dc769ff3672018df822603117e32686e567d452ed035b6fb2e \
    --hash=sha256:a7b35181a14cbfcae163b4de545d22abfd07d06c2c41ca69cfcd99251d6888ab \
    --hash=sha256:a9fe648abd1d9b89aebfa30407bfdd08a0271ec5dc7d44a4c6ccd1ce22cf562a \
    --hash=sha256:acfea4c20bf54384883ea33b1240fc1db4f52e190823a4e2b334bc3e8bfca96a \
    --hash=sha256:ad68c28a27246fed109a4409393d677b7e1388345cbbd2f5aee5c182d8506110 \
    --hash=sha256:aec00f018d34c67500ff0438dc314b40277be4a1b983cbacbf53ccf7db63e257 \
    --hash=sha256:b1bc819c6db90e8f91a38250a1ab4c058261871aa52d2fe36382eddedf146dee \
    --hash=sha256:b1c323fc3be1dc3f87f6c59458cb7d9e13dcbbf971d6c3f3e2bbaf58d3bfcdfe \
    --hash=sha256:b3b451fd2723ad3191a209afe6f3f4bc86c83e9a85bdc255353b91803ee6aa66 \
    --hash=sha256:b65d5fe48219dc2d5e158de9e6514e75600f379cc7e37108d35f31764c155566 \
    --hash=sha256:bb0efe019480a1c93e168ce96479273aaebd672fc8c350d5eed1e507ababb1b8 \
    --hash=sha256:be3f0129c5654517b2abf07dcb75bb1d9479759a4ccfb569e8293579e9fc029a \
    --hash=sha256:c3241d684a76eaaef8b2dc789afde4343cd3aad55ea81e4e8ab3605b529bae51 \
    --hash=sha256:c65da239a5ad553619804c1f9d65c1a0b3005381c6158ee14da2c7444cbd0c78 \
    --hash=sha256:c89406fa3dcd4aa8662c6406cc5c0de1790e9614d2c3aaf03ca53a8a8ccf3405 \
    --hash=sha256:ccbf3f4a9890d50b3a08ee04029fde30a03bfdeffaa19977628bf17251764e60 \
    --hash=sha256:ce0305b702b20d1e1d60a9aaace6bc89970e1753565543f310d549eab22c2435 \
    --hash=sha256:ce13c7d233239e739600a57d4a73c1192ad8259e655a4d55aa1a454242bc809d \
    --hash=sha256:cec1bb8f22abccc8d20f8ca63df9be41600c26c190f4b97ee86c675fd4a863a6 \
    --hash=sha256:d1e2f5fa2b6d01f0d85b4f223fea7ed1d504be282a02a81bd2be4817ef7a2f03 \
    --hash=sha256:d334d11398086bb5559606cb42d51c013ea7c061c7db701521392373d3c087f5 \
    --hash=sha256:d411ea5ca18ac1b12c0c94be88b60c18ca641ac43bcdfdf1c9f79d46cdbe1603 \
    --hash=sha256:d41ef69d5416fbc1d98cf96c37be6192d10fd101c3e0f8b3ddc36e09432b3c08 \
    --hash=sha256:d58159af7835fde09c462394293c0d7aaf8fb4557d8f8e5699f5e722ccae013d \
    --hash=sha256:d7b349265fad6244013eecd99df8d83c12bf3013943e431f4fadd5bffc37db42 \
    --hash=sha256:d8e83333385cac6030a5167fd18bf96cc6c58b914c308e683f05b0cf94bc8dd0 \
    --hash=sha256:d9d01e8ede41fea4f5a847dad9d628355f74905f437a5b6856d67aa66d193800 \
    --hash=sha256:d9fc873e239c5abeb150bc24dbd1a7af23a9254526383ce0a077f5e20adbeb19 \
    --hash=sha256:db9d7ee47f3ba531e278be539af39e2c7c7d28fb94897b6cd1120d63b0ef5922 \
    --hash=sha256:dc053f9e95a76213c5eb7ed95779f7daf0d2bf0e4e03073629ebfa43a033f151 \
    --hash=sha256:dc2b79afc074d2f3e64b26539350f697fe1b85ea1c49ea24eb588f247b053ce1 \
    --hash=sha256:dc5789e5ea182b77a38881383ada5347202a6c66f4857d054e075290e80b604b \
    --hash=sha256:dcb8d5f7edef7a399d322cf28d4c4e6f98dab64d301c8f50581a1080e5198142 \
    --hash=sha256:e4bd7eacb87d8cf3ed70d6392c770a0d92441f05d7d2a3efafb5bc171d5e3067 \
    --hash=sha256:e552e0037230ac16e5f568de7012041344d1b18c9feed30ec2891b8eba55af81 \
    --hash=sha256:e5f5c7a893507d0e83a80b88aefd6522f7e882cd53f9722c6f23f5a020c9557c \
    --hash=sha256:e74e41f0ad12ff1e8983e349daef79d37cc8280c743ce9d134d6c74c18dab5d6 \
    --hash=sha256:e78fd4b7b2c5086a38671c9c882c1e643385eccea360b5b1fda4a105e590087e \
    --hash=sha256:e8dc3fa6d6b7ead3f9de57895f41b116a28787548e066365d9d90f7356bcaad2 \
    --hash=sha256:ea0ed9373b880115911d9d39634bccc95b8ce590c9c42e8589f5cacc3ef3cee2 \
    --hash=sha256:edadce7a22052056fd4384543019856b34850363c9d387929f677ae01d79709c \
    --hash=sha256:eec113a5b41d124ef42ff56b0d74a6da3fd986400038eab9e58ee42a4024e837 \
    --hash=sha256:f221081107b8c48184d99f7019604486376e7ef826037e70aad6b02540732c23 \
    --hash=sha256:f3a1d577e081667dda7f8e5b4796e6e32f9713c93e2a3d930669519840a3c623 \
    --hash=sha256:f47aafd92aa28b941180e6da8a42b0f711851b14b81a5b6bb28dbbb1fa35152c \
    --hash=sha256:f4c45ee2512d3757b5e6c67c5a34e435143f2ecb7df3324f9fd888688c45c0f4 \
    --hash=sha256:f58f58b4b29bbea2a3635e2c56eff4a3adab011fe383802a9e542e31b97085fc \
    --hash=sha256:f612dc57f00c07cf4aa2673f7cbceabd654ad2457b7e639f061b794d6e11f9fd \
    --hash=sha256:f62114a54117e4948a1e414e89521f7fe1e3c2f83f2a571a06a4fc6718b0900a \
    --hash=sha256:f64e001bb7fa89b9f32cfa600bf8e9ac8ca26759d9b92ae01453ee303d9cd7b4 \
    --hash=sha256:f7233eaf441a345a5943a929fd4b5ea3278f11aed35a9ed0f3106b8cb3ca846a \
    --hash=sha256:f78a3ffb1994304db2c0c4588e4d1a518079b557054fa3bb985a6f5e50ff49a3 \
    --hash=sha256:f8e822efd54137d8cc8310eb64635ab827a4a6c72ff08691f38aa624776d8ecb \
    --hash=sha256:f98bf378d7a5be047a044a1a27c987a8f355e10e3b5754617dbe756248cbc5ce \
    --hash=sha256:fb88076df585b69c5761c387c0081aa87d7b9eb1b205a6535ca4777e25650d81 \
    --hash=sha256:fd8f47dbf2e8adb15c847215f83436de3fdb120b51fdae0fbbdf69fd97a3ad80 \
    --hash=sha256:ff3e2ba7a9f0a110b0555452e9b5a03a34e11662544e01beea15f144b48ba7b7
